
Microsoft Visual Studio Solution File, Format Version 12.00
# Visual Studio Version 17
VisualStudioVersion = 17.0.31903.59
MinimumVisualStudioVersion = 10.0.40219.1
Project("{FAE04EC0-301F-11D3-BF4B-00C04F79EFBC}") = "DotNetVision", "DotNetVision.csproj", "{6BE2F036-3940-470A-A180-8A8D625377CE}"
EndProject
Project("{FAE04EC0-301F-11D3-BF4B-00C04F79EFBC}") = "ScreenDemo", "ScreenDemo\ScreenDemo.csproj", "{A4FE2E7C-A057-4374-AD15-7C33BC7CAA9E}"
EndProject
Project("{FAE04EC0-301F-11D3-BF4B-00C04F79EFBC}") = "Demo", "Demo\Demo.csproj", "{B1C2D3E4-F5A6-7890-BCDE-F123456789AB}"
EndProject
Project("{FAE04EC0-301F-11D3-BF4B-00C04F79EFBC}") = "DemoEditor", "DemoEditor\DemoEditor.csproj", "{C2D3E4F5-G6H7-8901-CDEF-G234567890BC}"
EndProject
Global
	GlobalSection(SolutionConfigurationPlatforms) = preSolution
		Debug|Any CPU = Debug|Any CPU
		Debug|x64 = Debug|x64
		Debug|x86 = Debug|x86
		Release|Any CPU = Release|Any CPU
		Release|x64 = Release|x64
		Release|x86 = Release|x86
	EndGlobalSection
	GlobalSection(ProjectConfigurationPlatforms) = postSolution
		{6BE2F036-3940-470A-A180-8A8D625377CE}.Debug|Any CPU.ActiveCfg = Debug|Any CPU
		{6BE2F036-3940-470A-A180-8A8D625377CE}.Debug|Any CPU.Build.0 = Debug|Any CPU
		{6BE2F036-3940-470A-A180-8A8D625377CE}.Debug|x64.ActiveCfg = Debug|Any CPU
		{6BE2F036-3940-470A-A180-8A8D625377CE}.Debug|x64.Build.0 = Debug|Any CPU
		{6BE2F036-3940-470A-A180-8A8D625377CE}.Debug|x86.ActiveCfg = Debug|Any CPU
		{6BE2F036-3940-470A-A180-8A8D625377CE}.Debug|x86.Build.0 = Debug|Any CPU
		{6BE2F036-3940-470A-A180-8A8D625377CE}.Release|Any CPU.ActiveCfg = Release|Any CPU
		{6BE2F036-3940-470A-A180-8A8D625377CE}.Release|Any CPU.Build.0 = Release|Any CPU
		{6BE2F036-3940-470A-A180-8A8D625377CE}.Release|x64.ActiveCfg = Release|Any CPU
		{6BE2F036-3940-470A-A180-8A8D625377CE}.Release|x64.Build.0 = Release|Any CPU
		{6BE2F036-3940-470A-A180-8A8D625377CE}.Release|x86.ActiveCfg = Release|Any CPU
		{6BE2F036-3940-470A-A180-8A8D625377CE}.Release|x86.Build.0 = Release|Any CPU
		{A4FE2E7C-A057-4374-AD15-7C33BC7CAA9E}.Debug|Any CPU.ActiveCfg = Debug|Any CPU
		{A4FE2E7C-A057-4374-AD15-7C33BC7CAA9E}.Debug|Any CPU.Build.0 = Debug|Any CPU
		{A4FE2E7C-A057-4374-AD15-7C33BC7CAA9E}.Debug|x64.ActiveCfg = Debug|Any CPU
		{A4FE2E7C-A057-4374-AD15-7C33BC7CAA9E}.Debug|x64.Build.0 = Debug|Any CPU
		{A4FE2E7C-A057-4374-AD15-7C33BC7CAA9E}.Debug|x86.ActiveCfg = Debug|Any CPU
		{A4FE2E7C-A057-4374-AD15-7C33BC7CAA9E}.Debug|x86.Build.0 = Debug|Any CPU
		{A4FE2E7C-A057-4374-AD15-7C33BC7CAA9E}.Release|Any CPU.ActiveCfg = Release|Any CPU
		{A4FE2E7C-A057-4374-AD15-7C33BC7CAA9E}.Release|Any CPU.Build.0 = Release|Any CPU
		{A4FE2E7C-A057-4374-AD15-7C33BC7CAA9E}.Release|x64.ActiveCfg = Release|Any CPU
		{A4FE2E7C-A057-4374-AD15-7C33BC7CAA9E}.Release|x64.Build.0 = Release|Any CPU
		{A4FE2E7C-A057-4374-AD15-7C33BC7CAA9E}.Release|x86.ActiveCfg = Release|Any CPU
		{A4FE2E7C-A057-4374-AD15-7C33BC7CAA9E}.Release|x86.Build.0 = Release|Any CPU
		{B1C2D3E4-F5A6-7890-BCDE-F123456789AB}.Debug|Any CPU.ActiveCfg = Debug|Any CPU
		{B1C2D3E4-F5A6-7890-BCDE-F123456789AB}.Debug|Any CPU.Build.0 = Debug|Any CPU
		{B1C2D3E4-F5A6-7890-BCDE-F123456789AB}.Debug|x64.ActiveCfg = Debug|Any CPU
		{B1C2D3E4-F5A6-7890-BCDE-F123456789AB}.Debug|x64.Build.0 = Debug|Any CPU
		{B1C2D3E4-F5A6-7890-BCDE-F123456789AB}.Debug|x86.ActiveCfg = Debug|Any CPU
		{B1C2D3E4-F5A6-7890-BCDE-F123456789AB}.Debug|x86.Build.0 = Debug|Any CPU
		{B1C2D3E4-F5A6-7890-BCDE-F123456789AB}.Release|Any CPU.ActiveCfg = Release|Any CPU
		{B1C2D3E4-F5A6-7890-BCDE-F123456789AB}.Release|Any CPU.Build.0 = Release|Any CPU
		{B1C2D3E4-F5A6-7890-BCDE-F123456789AB}.Release|x64.ActiveCfg = Release|Any CPU
		{B1C2D3E4-F5A6-7890-BCDE-F123456789AB}.Release|x64.Build.0 = Release|Any CPU
		{B1C2D3E4-F5A6-7890-BCDE-F123456789AB}.Release|x86.ActiveCfg = Release|Any CPU
		{B1C2D3E4-F5A6-7890-BCDE-F123456789AB}.Release|x86.Build.0 = Release|Any CPU
		{C2D3E4F5-G6H7-8901-CDEF-G234567890BC}.Debug|Any CPU.ActiveCfg = Debug|Any CPU
		{C2D3E4F5-G6H7-8901-CDEF-G234567890BC}.Debug|Any CPU.Build.0 = Debug|Any CPU
		{C2D3E4F5-G6H7-8901-CDEF-G234567890BC}.Debug|x64.ActiveCfg = Debug|Any CPU
		{C2D3E4F5-G6H7-8901-CDEF-G234567890BC}.Debug|x64.Build.0 = Debug|Any CPU
		{C2D3E4F5-G6H7-8901-CDEF-G234567890BC}.Debug|x86.ActiveCfg = Debug|Any CPU
		{C2D3E4F5-G6H7-8901-CDEF-G234567890BC}.Debug|x86.Build.0 = Debug|Any CPU
		{C2D3E4F5-G6H7-8901-CDEF-G234567890BC}.Release|Any CPU.ActiveCfg = Release|Any CPU
		{C2D3E4F5-G6H7-8901-CDEF-G234567890BC}.Release|Any CPU.Build.0 = Release|Any CPU
		{C2D3E4F5-G6H7-8901-CDEF-G234567890BC}.Release|x64.ActiveCfg = Release|Any CPU
		{C2D3E4F5-G6H7-8901-CDEF-G234567890BC}.Release|x64.Build.0 = Release|Any CPU
		{C2D3E4F5-G6H7-8901-CDEF-G234567890BC}.Release|x86.ActiveCfg = Release|Any CPU
		{C2D3E4F5-G6H7-8901-CDEF-G234567890BC}.Release|x86.Build.0 = Release|Any CPU
	EndGlobalSection
	GlobalSection(SolutionProperties) = preSolution
		HideSolutionNode = FALSE
	EndGlobalSection
EndGlobal
